
Microsoft Visual Studio Solution File, Format Version 12.00
# Visual Studio 15
Project("{FAE04EC0-301F-11D3-BF4B-00C04F79EFBC}") = "ParquetClassLibrary", "ParquetClassLibrary\ParquetClassLibrary.csproj", "{5D426EB2-83DD-44E3-8404-E9914CE98FE7}"
EndProject
Project("{FAE04EC0-301F-11D3-BF4B-00C04F79EFBC}") = "ParquetRunner", "ParquetRunner\ParquetRunner.csproj", "{5412233E-A91F-41A8-AE27-EB85694EA12E}"
EndProject
Project("{FAE04EC0-301F-11D3-BF4B-00C04F79EFBC}") = "ParquetUnitTests", "ParquetUnitTests\ParquetUnitTests.csproj", "{6F347E83-0546-4447-A0ED-73C2ED3626F2}"
EndProject
Global
	GlobalSection(SolutionConfigurationPlatforms) = preSolution
		Debug|Any CPU = Debug|Any CPU
		Release|Any CPU = Release|Any CPU
	EndGlobalSection
	GlobalSection(ProjectConfigurationPlatforms) = postSolution
		{5D426EB2-83DD-44E3-8404-E9914CE98FE7}.Debug|Any CPU.ActiveCfg = Debug|Any CPU
		{5D426EB2-83DD-44E3-8404-E9914CE98FE7}.Debug|Any CPU.Build.0 = Debug|Any CPU
		{5D426EB2-83DD-44E3-8404-E9914CE98FE7}.Release|Any CPU.ActiveCfg = Release|Any CPU
		{5D426EB2-83DD-44E3-8404-E9914CE98FE7}.Release|Any CPU.Build.0 = Release|Any CPU
		{5412233E-A91F-41A8-AE27-EB85694EA12E}.Debug|Any CPU.ActiveCfg = Debug|Any CPU
		{5412233E-A91F-41A8-AE27-EB85694EA12E}.Debug|Any CPU.Build.0 = Debug|Any CPU
		{5412233E-A91F-41A8-AE27-EB85694EA12E}.Release|Any CPU.ActiveCfg = Release|Any CPU
		{5412233E-A91F-41A8-AE27-EB85694EA12E}.Release|Any CPU.Build.0 = Release|Any CPU
		{6F347E83-0546-4447-A0ED-73C2ED3626F2}.Debug|Any CPU.ActiveCfg = Debug|Any CPU
		{6F347E83-0546-4447-A0ED-73C2ED3626F2}.Debug|Any CPU.Build.0 = Debug|Any CPU
		{6F347E83-0546-4447-A0ED-73C2ED3626F2}.Release|Any CPU.ActiveCfg = Release|Any CPU
		{6F347E83-0546-4447-A0ED-73C2ED3626F2}.Release|Any CPU.Build.0 = Release|Any CPU
	EndGlobalSection
	GlobalSection(MonoDevelopProperties) = preSolution
		Policies = $0
		$0.DotNetNamingPolicy = $1
		$1.DirectoryNamespaceAssociation = PrefixedHierarchical
		$1.ResourceNamePolicy = MSBuild
		$0.TextStylePolicy = $2
		$2.inheritsSet = null
		$2.scope = application/xml
		$0.XmlFormattingPolicy = $3
		$3.scope = application/xml
		$0.StandardHeader = $4
	EndGlobalSection
EndGlobal
